
Microsoft Visual Studio Solution File, Format Version 12.00
Project("{FAE04EC0-301F-11D3-BF4B-00C04F79EFBC}") = "HexInz.Domain", "HexInz.Domain\HexInz.Domain.csproj", "{F695CAEE-D8FA-4A6E-A779-D1A4085A3392}"
EndProject
Project("{2150E333-8FDC-42A3-9474-1A3956D46DE8}") = "App", "App", "{2DD71E9E-F236-44F1-92F4-EA09D08873D8}"
EndProject
Project("{2150E333-8FDC-42A3-9474-1A3956D46DE8}") = "Adapters", "Adapters", "{9D7EB7CE-8C1F-405B-8317-7CA8F9D01EA4}"
EndProject
Project("{2150E333-8FDC-42A3-9474-1A3956D46DE8}") = "Tests", "Tests", "{712F8BAF-E863-4918-AF9A-135BD0DBBDF5}"
EndProject
Project("{FAE04EC0-301F-11D3-BF4B-00C04F79EFBC}") = "HexInz.Infrastructure.EF.MySQL", "HexInz.Infrastructure.EF.MySQL\HexInz.Infrastructure.EF.MySQL.csproj", "{8540D9EC-E4AE-4035-A3F8-2B85DF11DFBB}"
EndProject
Project("{FAE04EC0-301F-11D3-BF4B-00C04F79EFBC}") = "HexInz.WebAPI", "HexInz.WebAPI\HexInz.WebAPI.csproj", "{56FCBEA0-59F0-49AE-B9BB-118FFEE798EC}"
EndProject
Project("{2150E333-8FDC-42A3-9474-1A3956D46DE8}") = "Unit", "Unit", "{944F287B-66D3-4502-8B1A-B54FE0904F69}"
EndProject
Project("{2150E333-8FDC-42A3-9474-1A3956D46DE8}") = "Integration", "Integration", "{2FD76277-1865-410A-BA20-B7E9826D3908}"
EndProject
Project("{FAE04EC0-301F-11D3-BF4B-00C04F79EFBC}") = "HexInz.Infrastructure.Core", "HexInz.Infrastructure.Core\HexInz.Infrastructure.Core.csproj", "{2FCD4F5B-45CC-43AD-A0DB-595E6DCC9371}"
EndProject
Project("{FAE04EC0-301F-11D3-BF4B-00C04F79EFBC}") = "HexInz.Runner", "HexInz.Runner\HexInz.Runner.csproj", "{87ED236C-D044-448E-9ADD-466431124AFC}"
EndProject
Project("{FAE04EC0-301F-11D3-BF4B-00C04F79EFBC}") = "HexInz.Application.Logic", "HexInz.Application.Logic\HexInz.Application.Logic.csproj", "{FD77F5EF-09B8-4B45-9AE3-BC2707731B38}"
EndProject
Project("{FAE04EC0-301F-11D3-BF4B-00C04F79EFBC}") = "HexInz.UnitTests.Domain", "HexInz.UnitTests.Domain\HexInz.UnitTests.Domain.csproj", "{A48C51AE-195B-44AF-A667-9D17D7FE49FF}"
EndProject
Project("{2150E333-8FDC-42A3-9474-1A3956D46DE8}") = "Infrastructure", "Infrastructure", "{3A696210-B646-4545-9D64-177C220932A9}"
EndProject
Project("{FAE04EC0-301F-11D3-BF4B-00C04F79EFBC}") = "HexInz.Infrastructure.EF.PostgreSQL", "HexInz.Infrastructure.EF.PostgreSQL\HexInz.Infrastructure.EF.PostgreSQL.csproj", "{2D24E569-C535-484B-A46C-8B20A82CF4C5}"
EndProject
Project("{FAE04EC0-301F-11D3-BF4B-00C04F79EFBC}") = "HexInz.Infrastructure.Common", "HexInz.Infrastructure.Common\HexInz.Infrastructure.Common.csproj", "{423DC8F9-ECAF-40DF-B453-5783B2C3CACE}"
EndProject
Project("{FAE04EC0-301F-11D3-BF4B-00C04F79EFBC}") = "HexInz.Application.Contracts", "HexInz.Application.Contracts\HexInz.Application.Contracts.csproj", "{2466DC7A-E523-4ADE-A9CD-B560CA72CDD1}"
EndProject
Project("{FAE04EC0-301F-11D3-BF4B-00C04F79EFBC}") = "HexInz.ModuleManager", "HexInz.ModuleManager\HexInz.ModuleManager.csproj", "{4D5C8506-0A29-4B40-9159-B56B943F7C15}"
EndProject
Project("{2150E333-8FDC-42A3-9474-1A3956D46DE8}") = "Engine", "Engine", "{54560A29-91A7-4AA8-96B6-E381FE1D5A29}"
EndProject
Global
	GlobalSection(SolutionConfigurationPlatforms) = preSolution
		Debug|Any CPU = Debug|Any CPU
		Release|Any CPU = Release|Any CPU
	EndGlobalSection
	GlobalSection(ProjectConfigurationPlatforms) = postSolution
		{F695CAEE-D8FA-4A6E-A779-D1A4085A3392}.Debug|Any CPU.ActiveCfg = Debug|Any CPU
		{F695CAEE-D8FA-4A6E-A779-D1A4085A3392}.Debug|Any CPU.Build.0 = Debug|Any CPU
		{F695CAEE-D8FA-4A6E-A779-D1A4085A3392}.Release|Any CPU.ActiveCfg = Release|Any CPU
		{F695CAEE-D8FA-4A6E-A779-D1A4085A3392}.Release|Any CPU.Build.0 = Release|Any CPU
		{8540D9EC-E4AE-4035-A3F8-2B85DF11DFBB}.Debug|Any CPU.ActiveCfg = Debug|Any CPU
		{8540D9EC-E4AE-4035-A3F8-2B85DF11DFBB}.Debug|Any CPU.Build.0 = Debug|Any CPU
		{8540D9EC-E4AE-4035-A3F8-2B85DF11DFBB}.Release|Any CPU.ActiveCfg = Release|Any CPU
		{8540D9EC-E4AE-4035-A3F8-2B85DF11DFBB}.Release|Any CPU.Build.0 = Release|Any CPU
		{56FCBEA0-59F0-49AE-B9BB-118FFEE798EC}.Debug|Any CPU.ActiveCfg = Debug|Any CPU
		{56FCBEA0-59F0-49AE-B9BB-118FFEE798EC}.Debug|Any CPU.Build.0 = Debug|Any CPU
		{56FCBEA0-59F0-49AE-B9BB-118FFEE798EC}.Release|Any CPU.ActiveCfg = Release|Any CPU
		{56FCBEA0-59F0-49AE-B9BB-118FFEE798EC}.Release|Any CPU.Build.0 = Release|Any CPU
		{2FCD4F5B-45CC-43AD-A0DB-595E6DCC9371}.Debug|Any CPU.ActiveCfg = Debug|Any CPU
		{2FCD4F5B-45CC-43AD-A0DB-595E6DCC9371}.Debug|Any CPU.Build.0 = Debug|Any CPU
		{2FCD4F5B-45CC-43AD-A0DB-595E6DCC9371}.Release|Any CPU.ActiveCfg = Release|Any CPU
		{2FCD4F5B-45CC-43AD-A0DB-595E6DCC9371}.Release|Any CPU.Build.0 = Release|Any CPU
		{87ED236C-D044-448E-9ADD-466431124AFC}.Debug|Any CPU.ActiveCfg = Debug|Any CPU
		{87ED236C-D044-448E-9ADD-466431124AFC}.Debug|Any CPU.Build.0 = Debug|Any CPU
		{87ED236C-D044-448E-9ADD-466431124AFC}.Release|Any CPU.ActiveCfg = Release|Any CPU
		{87ED236C-D044-448E-9ADD-466431124AFC}.Release|Any CPU.Build.0 = Release|Any CPU
		{FD77F5EF-09B8-4B45-9AE3-BC2707731B38}.Debug|Any CPU.ActiveCfg = Debug|Any CPU
		{FD77F5EF-09B8-4B45-9AE3-BC2707731B38}.Debug|Any CPU.Build.0 = Debug|Any CPU
		{FD77F5EF-09B8-4B45-9AE3-BC2707731B38}.Release|Any CPU.ActiveCfg = Release|Any CPU
		{FD77F5EF-09B8-4B45-9AE3-BC2707731B38}.Release|Any CPU.Build.0 = Release|Any CPU
		{A48C51AE-195B-44AF-A667-9D17D7FE49FF}.Debug|Any CPU.ActiveCfg = Debug|Any CPU
		{A48C51AE-195B-44AF-A667-9D17D7FE49FF}.Debug|Any CPU.Build.0 = Debug|Any CPU
		{A48C51AE-195B-44AF-A667-9D17D7FE49FF}.Release|Any CPU.ActiveCfg = Release|Any CPU
		{A48C51AE-195B-44AF-A667-9D17D7FE49FF}.Release|Any CPU.Build.0 = Release|Any CPU
		{2D24E569-C535-484B-A46C-8B20A82CF4C5}.Debug|Any CPU.ActiveCfg = Debug|Any CPU
		{2D24E569-C535-484B-A46C-8B20A82CF4C5}.Debug|Any CPU.Build.0 = Debug|Any CPU
		{2D24E569-C535-484B-A46C-8B20A82CF4C5}.Release|Any CPU.ActiveCfg = Release|Any CPU
		{2D24E569-C535-484B-A46C-8B20A82CF4C5}.Release|Any CPU.Build.0 = Release|Any CPU
		{423DC8F9-ECAF-40DF-B453-5783B2C3CACE}.Debug|Any CPU.ActiveCfg = Debug|Any CPU
		{423DC8F9-ECAF-40DF-B453-5783B2C3CACE}.Debug|Any CPU.Build.0 = Debug|Any CPU
		{423DC8F9-ECAF-40DF-B453-5783B2C3CACE}.Release|Any CPU.ActiveCfg = Release|Any CPU
		{423DC8F9-ECAF-40DF-B453-5783B2C3CACE}.Release|Any CPU.Build.0 = Release|Any CPU
		{2466DC7A-E523-4ADE-A9CD-B560CA72CDD1}.Debug|Any CPU.ActiveCfg = Debug|Any CPU
		{2466DC7A-E523-4ADE-A9CD-B560CA72CDD1}.Debug|Any CPU.Build.0 = Debug|Any CPU
		{2466DC7A-E523-4ADE-A9CD-B560CA72CDD1}.Release|Any CPU.ActiveCfg = Release|Any CPU
		{2466DC7A-E523-4ADE-A9CD-B560CA72CDD1}.Release|Any CPU.Build.0 = Release|Any CPU
		{4D5C8506-0A29-4B40-9159-B56B943F7C15}.Debug|Any CPU.ActiveCfg = Debug|Any CPU
		{4D5C8506-0A29-4B40-9159-B56B943F7C15}.Debug|Any CPU.Build.0 = Debug|Any CPU
		{4D5C8506-0A29-4B40-9159-B56B943F7C15}.Release|Any CPU.ActiveCfg = Release|Any CPU
		{4D5C8506-0A29-4B40-9159-B56B943F7C15}.Release|Any CPU.Build.0 = Release|Any CPU
	EndGlobalSection
	GlobalSection(NestedProjects) = preSolution
		{F695CAEE-D8FA-4A6E-A779-D1A4085A3392} = {2DD71E9E-F236-44F1-92F4-EA09D08873D8}
		{8540D9EC-E4AE-4035-A3F8-2B85DF11DFBB} = {9D7EB7CE-8C1F-405B-8317-7CA8F9D01EA4}
		{944F287B-66D3-4502-8B1A-B54FE0904F69} = {712F8BAF-E863-4918-AF9A-135BD0DBBDF5}
		{2FD76277-1865-410A-BA20-B7E9826D3908} = {712F8BAF-E863-4918-AF9A-135BD0DBBDF5}
		{56FCBEA0-59F0-49AE-B9BB-118FFEE798EC} = {9D7EB7CE-8C1F-405B-8317-7CA8F9D01EA4}
		{FD77F5EF-09B8-4B45-9AE3-BC2707731B38} = {2DD71E9E-F236-44F1-92F4-EA09D08873D8}
		{A48C51AE-195B-44AF-A667-9D17D7FE49FF} = {944F287B-66D3-4502-8B1A-B54FE0904F69}
		{2FCD4F5B-45CC-43AD-A0DB-595E6DCC9371} = {3A696210-B646-4545-9D64-177C220932A9}
		{2D24E569-C535-484B-A46C-8B20A82CF4C5} = {9D7EB7CE-8C1F-405B-8317-7CA8F9D01EA4}
		{423DC8F9-ECAF-40DF-B453-5783B2C3CACE} = {3A696210-B646-4545-9D64-177C220932A9}
		{2466DC7A-E523-4ADE-A9CD-B560CA72CDD1} = {2DD71E9E-F236-44F1-92F4-EA09D08873D8}
		{4D5C8506-0A29-4B40-9159-B56B943F7C15} = {54560A29-91A7-4AA8-96B6-E381FE1D5A29}
		{87ED236C-D044-448E-9ADD-466431124AFC} = {54560A29-91A7-4AA8-96B6-E381FE1D5A29}
	EndGlobalSection
EndGlobal
